Microsoft Visual Studio Solution File, Format Version 12.00
Project("{FAE04EC0-301F-11D3-BF4B-00C04F79EFBC}") = "Client", "Client\Client.csproj", "{EF6A1CA4-E110-4558-8FCD-887BA38AC5BB}"
EndProject
Project("{FAE04EC0-301F-11D3-BF4B-00C04F79EFBC}") = "Defsite", "Defsite\Defsite.csproj", "{E71F6028-5188-4613-8E08-FF4B50C6C330}"
EndProject
Project("{FAE04EC0-301F-11D3-BF4B-00C04F79EFBC}") = "Server", "Server\Server.csproj", "{629DA435-D91D-4D68-B485-D95FF9D8365D}"
EndProject
Global
	GlobalSection(SolutionConfigurationPlatforms) = preSolution
		Debug|Any CPU = Debug|Any CPU
		Release|Any CPU = Release|Any CPU
	EndGlobalSection
	GlobalSection(ProjectConfigurationPlatforms) = postSolution
		{EF6A1CA4-E110-4558-8FCD-887BA38AC5BB}.Debug|Any CPU.ActiveCfg = Debug|Any CPU
		{EF6A1CA4-E110-4558-8FCD-887BA38AC5BB}.Debug|Any CPU.Build.0 = Debug|Any CPU
		{EF6A1CA4-E110-4558-8FCD-887BA38AC5BB}.Release|Any CPU.ActiveCfg = Release|Any CPU
		{EF6A1CA4-E110-4558-8FCD-887BA38AC5BB}.Release|Any CPU.Build.0 = Release|Any CPU
		{E71F6028-5188-4613-8E08-FF4B50C6C330}.Debug|Any CPU.ActiveCfg = Debug|Any CPU
		{E71F6028-5188-4613-8E08-FF4B50C6C330}.Debug|Any CPU.Build.0 = Debug|Any CPU
		{E71F6028-5188-4613-8E08-FF4B50C6C330}.Release|Any CPU.ActiveCfg = Release|Any CPU
		{E71F6028-5188-4613-8E08-FF4B50C6C330}.Release|Any CPU.Build.0 = Release|Any CPU
		{629DA435-D91D-4D68-B485-D95FF9D8365D}.Debug|Any CPU.ActiveCfg = Debug|Any CPU
		{629DA435-D91D-4D68-B485-D95FF9D8365D}.Debug|Any CPU.Build.0 = Debug|Any CPU
		{629DA435-D91D-4D68-B485-D95FF9D8365D}.Release|Any CPU.ActiveCfg = Release|Any CPU
		{629DA435-D91D-4D68-B485-D95FF9D8365D}.Release|Any CPU.Build.0 = Release|Any CPU
	EndGlobalSection
EndGlobal
